
Microsoft Visual Studio Solution File, Format Version 12.00
# Visual Studio Version 17
VisualStudioVersion = 17.6.33829.357
MinimumVisualStudioVersion = 10.0.40219.1
Project("{FAE04EC0-301F-11D3-BF4B-00C04F79EFBC}") = "ReefPiWorker", "ReefPiWorker.csproj", "{ECE83808-0FEC-4328-8EF9-D6D27C40D848}"
EndProject
Global
	GlobalSection(SolutionConfigurationPlatforms) = preSolution
		Debug|Any CPU = Debug|Any CPU
		Release|Any CPU = Release|Any CPU
	EndGlobalSection
	GlobalSection(ProjectConfigurationPlatforms) = postSolution
		{ECE83808-0FEC-4328-8EF9-D6D27C40D848}.Debug|Any CPU.ActiveCfg = Debug|Any CPU
		{ECE83808-0FEC-4328-8EF9-D6D27C40D848}.Debug|Any CPU.Build.0 = Debug|Any CPU
		{ECE83808-0FEC-4328-8EF9-D6D27C40D848}.Release|Any CPU.ActiveCfg = Release|Any CPU
		{ECE83808-0FEC-4328-8EF9-D6D27C40D848}.Release|Any CPU.Build.0 = Release|Any CPU
	EndGlobalSection
	GlobalSection(SolutionProperties) = preSolution
		HideSolutionNode = FALSE
	EndGlobalSection
	GlobalSection(ExtensibilityGlobals) = postSolution
		SolutionGuid = {6652B7A4-14F1-4EBF-A7E2-5B9C3EC4F9E1}
	EndGlobalSection
EndGlobal
